
Microsoft Visual Studio Solution File, Format Version 12.00
# Visual Studio 15
VisualStudioVersion = 15.0.28010.2036
MinimumVisualStudioVersion = 10.0.40219.1
Project("{FAE04EC0-301F-11D3-BF4B-00C04F79EFBC}") = "CourseWork", "CourseWork\CourseWork.csproj", "{5DDE25DC-3D83-4EF1-93AF-D4CD37ECA58D}"
EndProject
Project("{FAE04EC0-301F-11D3-BF4B-00C04F79EFBC}") = "CourseWorkCourseWorkTests", "CourseWorkCourseWorkTests\CourseWorkCourseWorkTests.csproj", "{48710537-EDB6-4D6F-B384-F157DFF8DF88}"
EndProject
Global
	GlobalSection(SolutionConfigurationPlatforms) = preSolution
		Debug|Any CPU = Debug|Any CPU
		Release|Any CPU = Release|Any CPU
	EndGlobalSection
	GlobalSection(ProjectConfigurationPlatforms) = postSolution
		{5DDE25DC-3D83-4EF1-93AF-D4CD37ECA58D}.Debug|Any CPU.ActiveCfg = Debug|Any CPU
		{5DDE25DC-3D83-4EF1-93AF-D4CD37ECA58D}.Debug|Any CPU.Build.0 = Debug|Any CPU
		{5DDE25DC-3D83-4EF1-93AF-D4CD37ECA58D}.Release|Any CPU.ActiveCfg = Release|Any CPU
		{5DDE25DC-3D83-4EF1-93AF-D4CD37ECA58D}.Release|Any CPU.Build.0 = Release|Any CPU
		{48710537-EDB6-4D6F-B384-F157DFF8DF88}.Debug|Any CPU.ActiveCfg = Debug|Any CPU
		{48710537-EDB6-4D6F-B384-F157DFF8DF88}.Debug|Any CPU.Build.0 = Debug|Any CPU
		{48710537-EDB6-4D6F-B384-F157DFF8DF88}.Release|Any CPU.ActiveCfg = Release|Any CPU
		{48710537-EDB6-4D6F-B384-F157DFF8DF88}.Release|Any CPU.Build.0 = Release|Any CPU
	EndGlobalSection
	GlobalSection(SolutionProperties) = preSolution
		HideSolutionNode = FALSE
	EndGlobalSection
	GlobalSection(ExtensibilityGlobals) = postSolution
		SolutionGuid = {4DE76308-68CB-4668-8C53-EB568638455A}
	EndGlobalSection
EndGlobal
